{"1.1.0",
[{<<"aebytecode">>,
  {git,"https://github.com/aeternity/aebytecode.git",
      {ref,"34ae94e3e74fbd2ff36f7e5d601b9fd8318a9832"}},
  0},
 {<<"aecuckoo">>,
  {git,"https://github.com/aeternity/aecuckoo.git",
      {ref,"fa3d13e8c7003589153223f634c851d389b61b93"}},
  1},
 {<<"aecuckooprebuilt">>,
  {aecuckooprebuilt_app_with_priv_from_git,
      {git,"https://github.com/aeternity/cuckoo-prebuilt.git",
          {ref,"90afb699dc9cc41d033a7c8551179d32b3bd569d"}}},
  1},
 {<<"aeminer">>,
  {git,"https://github.com/aeternity/aeminer.git",
      {ref,"17d7a8d45894c56aeac08c2f379745b03672e65d"}},
  0},
 {<<"aeserialization">>,
  {git,"https://github.com/aeternity/aeserialization.git",
      {ref,"6dce265753af4e651f77746e77ea125145c85dd3"}},
  0},
 {<<"aesophia">>,
  {git,"https://github.com/aeternity/aesophia.git",
      {ref,"37dfbf78ace4a550e0777636ec5cbca228bbe762"}},
  0},
 {<<"base58">>,
  {git,"https://github.com/aeternity/erl-base58.git",
      {ref,"60a335668a60328a29f9731b67c4a0e9e3d50ab6"}},
  0},
 {<<"bear">>,{pkg,<<"bear">>,<<"0.8.7">>},2},
 {<<"bucs">>,{pkg,<<"bucs">>,<<"1.0.16">>},1},
 {<<"cowboy">>,
  {git,"https://github.com/ninenines/cowboy.git",
      {ref,"8d49ae3dda5b4274e55d2f4e5a5b4da0515b5a10"}},
  0},
 {<<"cowlib">>,
  {git,"https://github.com/ninenines/cowlib",
      {ref,"3ef5b48a028bb66f82b452c98ae515903096641c"}},
  1},
 {<<"eblake2">>,{pkg,<<"eblake2">>,<<"1.0.0">>},1},
 {<<"enacl">>,
  {git,"https://github.com/aeternity/enacl.git",
      {ref,"26180f42c0b3a450905d2efd8bc7fd5fd9cece75"}},
  0},
 {<<"enoise">>,
  {git,"https://github.com/aeternity/enoise.git",
      {ref,"1e6ee6703fc401a46fce8f1a400a68734c0a356d"}},
  0},
 {<<"eper">>,{pkg,<<"eper">>,<<"0.99.1">>},0},
 {<<"ephemeral">>,{pkg,<<"ephemeral">>,<<"2.0.4">>},0},
 {<<"exometer_core">>,{pkg,<<"exometer_core">>,<<"1.5.7">>},0},
 {<<"folsom">>,{pkg,<<"folsom">>,<<"0.8.7">>},1},
 {<<"getopt">>,{pkg,<<"getopt">>,<<"1.0.1">>},1},
 {<<"goldrush">>,{pkg,<<"goldrush">>,<<"0.1.9">>},1},
 {<<"gproc">>,{pkg,<<"gproc">>,<<"0.6.1">>},0},
 {<<"hex2bin">>,{pkg,<<"hex2bin">>,<<"1.0.0">>},1},
 {<<"hut">>,{pkg,<<"hut">>,<<"1.2.1">>},1},
 {<<"idna">>,
  {git,"https://github.com/benoitc/erlang-idna",
      {ref,"6cff72747821110169ecfac871b0c69e5064afff"}},
  0},
 {<<"inet_cidr">>,{pkg,<<"erl_cidr">>,<<"1.0.1">>},1},
 {<<"inet_ext">>,{pkg,<<"inet_ext">>,<<"0.4.0">>},1},
 {<<"intercept">>,{pkg,<<"intercept">>,<<"1.0.0">>},1},
 {<<"jesse">>,
  {git,"https://github.com/for-GET/jesse.git",
      {ref,"9f9d050627093d6a43e02a102d78122f0c4989c8"}},
  0},
 {<<"jobs">>,{pkg,<<"jobs">>,<<"0.9.0">>},0},
 {<<"jsx">>,
  {git,"https://github.com/talentdeficit/jsx.git",
      {ref,"3074d4865b3385a050badf7828ad31490d860df5"}},
  1},
 {<<"lager">>,
  {git,"https://github.com/erlang-lager/lager.git",
      {ref,"69b4ada2341b8ab2cf5c8e464ac936e5e4a9f62b"}},
  0},
 {<<"leveled">>,
  {git,"https://github.com/aeternity/leveled.git",
      {ref,"f6ad8792291d8784d8d9df863009dc3c8fe7450d"}},
  1},
 {<<"lhttpc">>,{pkg,<<"lhttpc">>,<<"1.6.2">>},1},
 {<<"lz4">>,
  {git,"https://github.com/martinsumner/erlang-lz4",
      {ref,"09d539685e616b614e851926384439384601ee5a"}},
  2},
 {<<"mnesia_leveled">>,
  {git,"https://github.com/aeternity/mnesia_leveled.git",
      {ref,"710e29eb40d4a13fde409091b0d08192fcb54007"}},
  0},
 {<<"mnesia_rocksdb">>,
  {git,"https://github.com/aeternity/mnesia_rocksdb.git",
      {ref,"ad8e7b63cad473558377ce4a1c89ba07f09c0b21"}},
  0},
 {<<"nat">>,
  {git,"https://github.com/aeternity/erlang-nat.git",
      {ref,"dcdfb9cd29900e05b35f60b5ffad727af41ede61"}},
  0},
 {<<"parse_trans">>,{pkg,<<"parse_trans">>,<<"3.3.0">>},1},
 {<<"ranch">>,
  {git,"https://github.com/ninenines/ranch",
      {ref,"55c2a9d623454f372a15e99721a37093d8773b48"}},
  1},
 {<<"rand_compat">>,{pkg,<<"rand_compat">>,<<"0.0.3">>},1},
 {<<"rfc3339">>,
  {git,"git://github.com/andreineculau/rfc3339.git",
      {ref,"dcc77d66430490620677de8140a3415dfbd3fa61"}},
  1},
 {<<"rocksdb">>,{pkg,<<"rocksdb">>,<<"0.24.0">>},1},
 {<<"setup">>,{pkg,<<"setup">>,<<"2.0.2">>},1},
 {<<"sext">>,{pkg,<<"sext">>,<<"1.5.0">>},0},
 {<<"sha3">>,
  {git,"https://github.com/aeternity/erlang-sha3",
      {ref,"c818ddc20004ab26e09900e35608a58b5c8429a5"}},
  0},
 {<<"unicode_util_compat">>,{pkg,<<"unicode_util_compat">>,<<"0.4.1">>},1},
 {<<"yamerl">>,{pkg,<<"yamerl">>,<<"0.7.0">>},0}]}.
[
{pkg_hash,[
 {<<"bear">>, <<"16264309AE5D005D03718A5C82641FCC259C9E8F09ADEB6FD79CA4271168656F">>},
 {<<"bucs">>, <<"D69A4CD6D1238CD1ADC5C95673DBDE0F8459A5DBB7D746516434D8C6D935E96F">>},
 {<<"eblake2">>, <<"EC8AD20E438AAB3F2E8D5D118C366A0754219195F8A0F536587440F8F9BCF2EF">>},
 {<<"eper">>, <<"A50698B6803B8732AD6575285320999FE73E160A1A9FF7EFCAB6B6F818BD2C1F">>},
 {<<"ephemeral">>, <<"B3E57886ADD5D90C82FE3880F5954978222A122CB8BAA123667401BBAAEC51D6">>},
 {<<"exometer_core">>, <<"AB97E34A5D69AB14E6AE161DB4CCA5B5E655E635B842F830EE6AB2CBFCFDC30A">>},
 {<<"folsom">>, <<"A885F0AEEE4C84270954C88A55A5A473D6B2C7493E32FFDC5765412DD555A951">>},
 {<<"getopt">>, <<"C73A9FA687B217F2FF79F68A3B637711BB1936E712B521D8CE466B29CBF7808A">>},
 {<<"goldrush">>, <<"F06E5D5F1277DA5C413E84D5A2924174182FB108DABB39D5EC548B27424CD106">>},
 {<<"gproc">>, <<"4579663E5677970758A05D8F65D13C3E9814EC707AD51D8DCEF7294EDA1A730C">>},
 {<<"hex2bin">>, <<"AAC26EAB998AE80EACEE1C7607C629AB503EBF77A62B9242BAE2B94D47DCB71E">>},
 {<<"hut">>, <<"08D46679523043424870723923971889E8A34D63B2F946A35B46CF921D1236E7">>},
 {<<"inet_cidr">>, <<"9EA93F2B885820C1C3ADEC24E7AB5B04AAD829FBF7B3F8F41F1ACD4550D8BF97">>},
 {<<"inet_ext">>, <<"EF51FE5EA13DB6B40CBA48E66D9117BBD31E5A4347FA432B83D0C0547C7AB522">>},
 {<<"intercept">>, <<"1F6C725E6FC070720643BD4D97EE53B1209365C80E520E1F5A1ACB36712A7EB5">>},
 {<<"jobs">>, <<"B2F0071531C4A48575A096FEC428DCDD4555C64E5086FE521FCEAF581B1F51DC">>},
 {<<"lhttpc">>, <<"044F16F0018C7AA7E945E9E9406C7F6035E0B8BC08BF77B00C78CE260E1071E3">>},
 {<<"parse_trans">>, <<"09765507A3C7590A784615CFD421D101AEC25098D50B89D7AA1D66646BC571C1">>},
 {<<"rand_compat">>, <<"011646BC1F0B0C432FE101B816F25B9BBB74A085713CEE1DAFD2D62E9415EAD3">>},
 {<<"rocksdb">>, <<"1FC862628B95A0D3AF05FAB709858AC1FA4199C0722BC4652236B0949304A04D">>},
 {<<"setup">>, <<"1203F4CDA11306C2E34434244576DED0A7BBFB0908D9A572356C809BD0CDF085">>},
 {<<"sext">>, <<"07D5D516DAA4C437B2F7DB99F6B2728C8AF939313479B1BEDC1995BB15936236">>},
 {<<"unicode_util_compat">>, <<"D869E4C68901DD9531385BB0C8C40444EBF624E60B6962D95952775CAC5E90CD">>},
 {<<"yamerl">>, <<"E51DBA652DCE74C20A88294130B48051EBBBB0BE7D76F22DE064F0F3CCF0AAF5">>}]}
].
