{"1.2.0",
[{<<"aebytecode">>,
  {git,"https://github.com/aeternity/aebytecode.git",
      {ref,"7497345928dfba628eab30cfd33db62966e7ddef"}},
  0},
 {<<"aecuckoo">>,
  {git,"https://github.com/aeternity/aecuckoo.git",
      {ref,"695fbbc8245dbadab7edf4e4a119f094a5a400d3"}},
  1},
 {<<"aecuckooprebuilt">>,
  {aecuckooprebuilt_app_with_priv_from_git,
      {git,"https://github.com/aeternity/cuckoo-prebuilt.git",
          {ref,"90afb699dc9cc41d033a7c8551179d32b3bd569d"}}},
  1},
 {<<"aeminer">>,
  {git,"https://github.com/aeternity/aeminer.git",
      {ref,"33be529b68f63c494136e69cf42f9842ccf3fc5d"}},
  0},
 {<<"aeserialization">>,
  {git,"https://github.com/aeternity/aeserialization.git",
      {ref,"eb68fe331bd476910394966b7f5ede7a74d37e35"}},
  0},
 {<<"aesophia_aci_encoder">>,
  {git,"https://github.com/aeternity/aesophia_aci_encoder",
      {ref,"110813d9fcaf1489a26d71ca767f30422405264c"}},
  0},
 {<<"aestratum_lib">>,
  {git,"https://github.com/aeternity/aestratum_lib.git",
      {ref,"cee4b3c9cd5ce4da91f9b1250c8f28c372fb7603"}},
  0},
 {<<"app_ctrl">>,
  {git,"https://github.com/aeternity/app_ctrl.git",
      {ref,"c1fb92758ab7add4489837eff3a7d5d44b925dd2"}},
  0},
 {<<"argparse">>,{pkg,<<"argparse">>,<<"1.1.4">>},0},
 {<<"base58">>,
  {git,"https://github.com/aeternity/erl-base58.git",
      {ref,"60a335668a60328a29f9731b67c4a0e9e3d50ab6"}},
  0},
 {<<"bear">>,{pkg,<<"bear">>,<<"1.0.0">>},2},
 {<<"cowboy">>,
  {git,"https://github.com/ninenines/cowboy.git",
      {ref,"04ca4c5d31a92d4d3de087bbd7d6021dc4a6d409"}},
  0},
 {<<"cowlib">>,
  {git,"https://github.com/ninenines/cowlib",
      {ref,"e9448e5628c8c1d9083223ff973af8de31a566d1"}},
  1},
 {<<"eblake2">>,{pkg,<<"eblake2">>,<<"1.0.0">>},1},
 {<<"ecli">>,
  {git,"https://github.com/mgmtd/ecli",
      {ref,"eb06324708f3c83e5954d6596dbf15226f9ecb75"}},
  0},
 {<<"ecrecover">>,
  {git,"https://github.com/aeternity/ecrecover.git",
      {ref,"74b78169f5a62b2f0e36f445bb97c9abe330d44e"}},
  0},
 {<<"ecrecoverprebuilt">>,
  {ecrecoverprebuilt_app_with_priv_from_git,
      {git,"https://github.com/aeternity/ecrecover-prebuilt.git",
          {ref,"92c2609a03ce9ec8f466026efed6f0f35c715195"}}},
  1},
 {<<"emcl">>,
  {git,"https://github.com/aeternity/emcl.git",
      {ref,"e988f69f7942254ff4bbeb0050b69941a0dfd77c"}},
  0},
 {<<"enacl">>,
  {git,"https://github.com/aeternity/enacl.git",
      {ref,"67fceef42c0d055570f2e67b571f8d1f8de2f204"}},
  0},
 {<<"enoise">>,
  {git,"https://github.com/aeternity/enoise.git",
      {ref,"8acbce92695fb3ef37d8b0204d4dbfed41c6aa74"}},
  0},
 {<<"exometer_core">>,{pkg,<<"exometer_core">>,<<"1.6.0">>},0},
 {<<"folsom">>,{pkg,<<"folsom">>,<<"1.0.0">>},1},
 {<<"getopt">>,{pkg,<<"getopt">>,<<"1.0.1">>},1},
 {<<"goldrush">>,{pkg,<<"goldrush">>,<<"0.1.9">>},1},
 {<<"gproc">>,{pkg,<<"gproc">>,<<"0.9.0">>},0},
 {<<"hex2bin">>,{pkg,<<"hex2bin">>,<<"1.0.0">>},1},
 {<<"hut">>,{pkg,<<"hut">>,<<"1.3.0">>},1},
 {<<"idna">>,
  {git,"https://github.com/benoitc/erlang-idna",
      {ref,"6cff72747821110169ecfac871b0c69e5064afff"}},
  0},
 {<<"inet_cidr">>,{pkg,<<"erl_cidr">>,<<"1.0.2">>},2},
 {<<"inet_ext">>,{pkg,<<"inet_ext">>,<<"1.0.0">>},1},
 {<<"intercept">>,{pkg,<<"intercept">>,<<"1.0.0">>},1},
 {<<"jesse">>,
  {git,"https://github.com/for-GET/jesse.git",
      {ref,"1b5a16cc40c9b299ec825abcaf54a4bf140c4ba9"}},
  0},
 {<<"jobs">>,{pkg,<<"jobs">>,<<"0.9.0">>},0},
 {<<"jsx">>,
  {git,"https://github.com/talentdeficit/jsx.git",
      {ref,"3074d4865b3385a050badf7828ad31490d860df5"}},
  0},
 {<<"lager">>,
  {git,"https://github.com/erlang-lager/lager.git",
      {ref,"fae53399253da622afde3bf5fb5ff124b7d887fa"}},
  0},
 {<<"lz4">>,
  {git,"https://github.com/szktty/erlang-lz4.git",
      {ref,"9ea04f2cd956e0f9e38301a292f63db497a1d4cb"}},
  0},
 {<<"mnesia_rocksdb">>,
  {git,"https://github.com/aeternity/mnesia_rocksdb.git",
      {ref,"0aecf5ef0192c9d130b9b0aabd8656d27d278815"}},
  0},
 {<<"nat">>,
  {git,"https://github.com/benoitc/erlang-nat.git",
      {ref,"6136102c176814dd26c11b93ca0ce852b66c4195"}},
  0},
 {<<"parse_trans">>,{pkg,<<"parse_trans">>,<<"3.4.1">>},1},
 {<<"ranch">>,
  {git,"https://github.com/ninenines/ranch",
      {ref,"a692f44567034dacf5efcaa24a24183788594eb7"}},
  1},
 {<<"rand_compat">>,{pkg,<<"rand_compat">>,<<"0.0.3">>},1},
 {<<"redbug">>,
  {git,"https://github.com/shiguredo/redbug.git",
      {ref,"12bd0e0fb31d3a25219d70f53025bd27d0ef2119"}},
  0},
 {<<"rfc3339">>,{pkg,<<"rfc3339">>,<<"0.2.2">>},1},
 {<<"rocksdb">>,
  {git,"https://gitlab.com/seanhinde/erlang-rocksdb.git",
      {ref,"9ae378391ffc94200bde24efcd7a4921eba688d0"}},
  1},
 {<<"setup">>,
  {git,"https://github.com/uwiger/setup.git",
      {ref,"52de0d49e219f553e3202766e09a135c458dbf1d"}},
  0},
 {<<"sext">>,{pkg,<<"sext">>,<<"1.8.0">>},0},
 {<<"sha3">>,
  {git,"https://github.com/aeternity/erlang-sha3",
      {ref,"b5f27a29ba1179e5907c50d7ec7aa79b2857e981"}},
  0},
 {<<"trace_runner">>,
  {git,"https://github.com/uwiger/trace_runner.git",
      {ref,"1acb6e56a048909731edc5ba5ee5ba995617164a"}},
  0},
 {<<"unicode_util_compat">>,{pkg,<<"unicode_util_compat">>,<<"0.4.1">>},1},
 {<<"yamerl">>,{pkg,<<"yamerl">>,<<"0.7.0">>},0}]}.
[
{pkg_hash,[
 {<<"argparse">>, <<"A9F83748FABB1AF2A329484434E542FA02ADE6B6FEE58F5EDA15E3E471359992">>},
 {<<"bear">>, <<"430419C1126B477686CDE843E88BA0F2C7DC5CDF0881C677500074F704339A99">>},
 {<<"eblake2">>, <<"EC8AD20E438AAB3F2E8D5D118C366A0754219195F8A0F536587440F8F9BCF2EF">>},
 {<<"exometer_core">>, <<"7E1D4D8D05FE4E33B96EBA366B4A7C85F0E023573CAF297F13E83CF17A5E3941">>},
 {<<"folsom">>, <<"50ECC998D2149939F1D5E0AA3E32788F8ED16A58E390D81B5C0BE4CC4EF25589">>},
 {<<"getopt">>, <<"C73A9FA687B217F2FF79F68A3B637711BB1936E712B521D8CE466B29CBF7808A">>},
 {<<"goldrush">>, <<"F06E5D5F1277DA5C413E84D5A2924174182FB108DABB39D5EC548B27424CD106">>},
 {<<"gproc">>, <<"853CCB7805E9ADA25D227A157BA966F7B34508F386A3E7E21992B1B484230699">>},
 {<<"hex2bin">>, <<"AAC26EAB998AE80EACEE1C7607C629AB503EBF77A62B9242BAE2B94D47DCB71E">>},
 {<<"hut">>, <<"71F2F054E657C03F959CF1ACC43F436EA87580696528CA2A55C8AFB1B06C85E7">>},
 {<<"inet_cidr">>, <<"4814A5B78B969A5E069B0CECBB102622AB0C459B690053ED94543CD529915A43">>},
 {<<"inet_ext">>, <<"40A82557082827A2DC403EE7007BB389869F347465FB9D25D0ABF0769B247C34">>},
 {<<"intercept">>, <<"1F6C725E6FC070720643BD4D97EE53B1209365C80E520E1F5A1ACB36712A7EB5">>},
 {<<"jobs">>, <<"B2F0071531C4A48575A096FEC428DCDD4555C64E5086FE521FCEAF581B1F51DC">>},
 {<<"parse_trans">>, <<"6E6AA8167CB44CC8F39441D05193BE6E6F4E7C2946CB2759F015F8C56B76E5FF">>},
 {<<"rand_compat">>, <<"011646BC1F0B0C432FE101B816F25B9BBB74A085713CEE1DAFD2D62E9415EAD3">>},
 {<<"rfc3339">>, <<"1552DF616ACA368D982E9F085A0E933B6688A3F4938A671798978EC2C0C58730">>},
 {<<"sext">>, <<"90A95B889F5C781B70BBCF44278B763148E313C376B60D87CE664CB1C1DD29B5">>},
 {<<"unicode_util_compat">>, <<"D869E4C68901DD9531385BB0C8C40444EBF624E60B6962D95952775CAC5E90CD">>},
 {<<"yamerl">>, <<"E51DBA652DCE74C20A88294130B48051EBBBB0BE7D76F22DE064F0F3CCF0AAF5">>}]},
{pkg_hash_ext,[
 {<<"argparse">>, <<"AC825D3B52CA64F25A4867D70324FBE940ED9BFC2CB9C8826E0B88D7BF7F73F3">>},
 {<<"bear">>, <<"157B67901ADF84FF0DA6EAE035CA1292A0AC18AA55148154D8C582B2C68959DB">>},
 {<<"eblake2">>, <<"3C4D300A91845B25D501929A26AC2E6F7157480846FAB2347A4C11AE52E08A99">>},
 {<<"exometer_core">>, <<"B539E97DBB3137E0FE0B782C561CACB64C9704CB3F19451442B6FDF46DB95B38">>},
 {<<"folsom">>, <<"DD6AB97278E94F9E4CFC43E188224A7B8C7EAEC0DD2E935007005177F3EEBB0E">>},
 {<<"getopt">>, <<"53E1AB83B9CEB65C9672D3E7A35B8092E9BDC9B3EE80721471A161C10C59959C">>},
 {<<"goldrush">>, <<"99CB4128CFFCB3227581E5D4D803D5413FA643F4EB96523F77D9E6937D994CEB">>},
 {<<"gproc">>, <<"587E8AF698CCD3504CF4BA8D90F893EDE2B0F58CABB8A916E2BF9321DE3CF10B">>},
 {<<"hex2bin">>, <<"E7012D1D9AADD26E680F0983D26FB8923707F05FAC9688F19F530FA3795E716F">>},
 {<<"hut">>, <<"7E15D28555D8A1F2B5A3A931EC120AF0753E4853A4C66053DB354F35BF9AB563">>},
 {<<"inet_cidr">>, <<"97046492E5C5BE0D8B92CD275980D667A8D28D9E79B2305828E358CC7D30A935">>},
 {<<"inet_ext">>, <<"62A8AAD524B798DE3E1617E2CCFAD212CB4CCE971574F1ADC260441ED99A250C">>},
 {<<"intercept">>, <<"FC5F5E26A571637B0B80119FE2F1E83DDDEAC8078BD76279C015474AF432B32E">>},
 {<<"jobs">>, <<"4E50CC8EDD7B5A0AE6F4C17B25514470A772626A5F6C24E9BC06A62AEF618237">>},
 {<<"parse_trans">>, <<"620A406CE75DADA827B82E453C19CF06776BE266F5A67CFF34E1EF2CBB60E49A">>},
 {<<"rand_compat">>, <<"CDF7BE2B17308EC245B912C45FE55741F93B6E4F1A24BA6074F7137B0CC09BF4">>},
 {<<"rfc3339">>, <<"986D7F9BAC6891AA4D5051690058DE4E623245620BBEADA7F239F85C4DF8F23C">>},
 {<<"sext">>, <<"BC6016CB8690BAF677EACACFE6E7CADFEC8DC7E286CBBED762F6CD55B0678E73">>},
 {<<"unicode_util_compat">>, <<"1D1848C40487CDB0B30E8ED975E34E025860C02E419CB615D255849F3427439D">>},
 {<<"yamerl">>, <<"CB5A4481E2E2AD36DB83BD9962153E1A9208E2B2484185E33FC2CAAC6A50B108">>}]}
].
