{"1.1.0",
[{<<"bear">>,{pkg,<<"bear">>,<<"0.8.5">>},2},
 {<<"cowboy">>,
  {git,"https://github.com/ninenines/cowboy.git",
       {ref,"d08c2ab39d38c181abda279d5c2cadfac33a50c1"}},
  0},
 {<<"cowlib">>,
  {git,"https://github.com/ninenines/cowlib.git",
       {ref,"d544a494af4dbc810fc9c15eaf5cc050cced1501"}},
  1},
 {<<"erlexec">>,
  {git,"https://github.com/saleyn/erlexec.git",
       {ref,"97a5188da1d37c7d2f62e4589be6237394d40811"}},
  0},
 {<<"exometer_core">>,{pkg,<<"exometer_core">>,<<"1.5.2">>},0},
 {<<"folsom">>,{pkg,<<"folsom">>,<<"0.8.5">>},1},
 {<<"gb_merkle_trees">>,
  {git,"https://github.com/aeternity/gb_merkle_trees.git",
       {ref,"4db7aad81944e2d12981a2ecd23dd59e32ab1651"}},
  0},
 {<<"goldrush">>,{pkg,<<"goldrush">>,<<"0.1.9">>},1},
 {<<"gproc">>,{pkg,<<"gproc">>,<<"0.6.1">>},0},
 {<<"hut">>,{pkg,<<"hut">>,<<"1.2.0">>},1},
 {<<"jesse">>,
  {git,"https://github.com/for-GET/jesse.git",
       {ref,"dd40e210216bdab96549bcd105410c4d1d93d248"}},
  0},
 {<<"jobs">>,{pkg,<<"jobs">>,<<"0.7.1">>},0},
 {<<"jsx">>,
  {git,"https://github.com/talentdeficit/jsx.git",
       {ref,"3074d4865b3385a050badf7828ad31490d860df5"}},
  0},
 {<<"lager">>,
  {git,"https://github.com/erlang-lager/lager.git",
       {ref,"c3970a99131c7c73de7eba3c2a569806fe47e40a"}},
  0},
 {<<"msgpack">>,{pkg,<<"msgpack">>,<<"0.7.0">>},0},
 {<<"parse_trans">>,{pkg,<<"parse_trans">>,<<"3.0.0">>},1},
 {<<"poolboy">>,{pkg,<<"poolboy">>,<<"1.5.1">>},0},
 {<<"ranch">>,
  {git,"https://github.com/ninenines/ranch.git",
       {ref,"adf1822defc2b7cfdc7aca112adabfa1d614043c"}},
  1},
 {<<"rfc3339">>,
  {git,"git://github.com/andreineculau/rfc3339.git",
       {ref,"dcc77d66430490620677de8140a3415dfbd3fa61"}},
  1},
 {<<"rocksdb">>,{pkg,<<"rocksdb">>,<<"0.12.0">>},0},
 {<<"setup">>,{pkg,<<"setup">>,<<"1.8.4">>},1},
 {<<"yamerl">>,{pkg,<<"yamerl">>,<<"0.5.0">>},0}]}.
[
{pkg_hash,[
 {<<"bear">>, <<"E95FCA1627CD9E15BAF93CE0A52AFF16917BAF325F0EE65B88CD715376CD2344">>},
 {<<"exometer_core">>, <<"62A99A361BA8A14D53857D4C716A191E810299D2F43C5C981EB7B086C0BFCCE1">>},
 {<<"folsom">>, <<"94A027B56FE84FEED264F9B33CB4C6AC9A801FAD84B87DBDA0836CE83C3B8D69">>},
 {<<"goldrush">>, <<"F06E5D5F1277DA5C413E84D5A2924174182FB108DABB39D5EC548B27424CD106">>},
 {<<"gproc">>, <<"4579663E5677970758A05D8F65D13C3E9814EC707AD51D8DCEF7294EDA1A730C">>},
 {<<"hut">>, <<"0089DF0FAA2827C605BBADA88153F24FFF5EA7A4BE32ECF0250A7FDC2719CAFB">>},
 {<<"jobs">>, <<"132E4BED856CE774B008B31C1AA809C17FA6C2C20BE03E010ACE273CA057A5DE">>},
 {<<"msgpack">>, <<"128AE0A2227C7E7A2847C0F0F73551C268464F8C1EE96BFFB920BC0A5712B295">>},
 {<<"parse_trans">>, <<"9E96B1C9C3A0DF54E7B76F8F685D38BFA1EB21B31E042B1D1A5A70258E4DB1E3">>},
 {<<"poolboy">>, <<"6B46163901CFD0A1B43D692657ED9D7E599853B3B21B95AE5AE0A777CF9B6CA8">>},
 {<<"rocksdb">>, <<"CD59EE3B6CB33D0AF8C17126AD055420AD2A625C5AE50913619D4FA1ADD85D54">>},
 {<<"setup">>, <<"738DB0685DC1741F45C6A9BF78478E0D5877F3D0876C0B50FD02F0210EDB5AA4">>},
 {<<"yamerl">>, <<"6EC55A5D830F6F0D65A4030F5C5DB24B0E72B813DFBDE32FEA44B4951ED9417C">>}]}
].
